
Microsoft Visual Studio Solution File, Format Version 12.00
# Visual Studio Version 17
VisualStudioVersion = 17.6.33815.320
MinimumVisualStudioVersion = 10.0.40219.1
Project("{9A19103F-16F7-4668-BE54-9A1E7A4F7556}") = "BulkyBookWeb", "BulkyBookWeb\BulkyBookWeb.csproj", "{3D05BF1D-AA0F-4536-9D3F-C4078192883F}"
EndProject
Global
	GlobalSection(SolutionConfigurationPlatforms) = preSolution
		Debug|Any CPU = Debug|Any CPU
		Release|Any CPU = Release|Any CPU
	EndGlobalSection
	GlobalSection(ProjectConfigurationPlatforms) = postSolution
		{3D05BF1D-AA0F-4536-9D3F-C4078192883F}.Debug|Any CPU.ActiveCfg = Debug|Any CPU
		{3D05BF1D-AA0F-4536-9D3F-C4078192883F}.Debug|Any CPU.Build.0 = Debug|Any CPU
		{3D05BF1D-AA0F-4536-9D3F-C4078192883F}.Release|Any CPU.ActiveCfg = Release|Any CPU
		{3D05BF1D-AA0F-4536-9D3F-C4078192883F}.Release|Any CPU.Build.0 = Release|Any CPU
	EndGlobalSection
	GlobalSection(SolutionProperties) = preSolution
		HideSolutionNode = FALSE
	EndGlobalSection
	GlobalSection(ExtensibilityGlobals) = postSolution
		SolutionGuid = {2E22BB49-ECFA-4E67-A04C-08D03B2A24D6}
	EndGlobalSection
EndGlobal
